
Microsoft Visual Studio Solution File, Format Version 12.00
# Visual Studio Version 16
VisualStudioVersion = 16.0.32126.315
MinimumVisualStudioVersion = 10.0.40219.1
Project("{FAE04EC0-301F-11D3-BF4B-00C04F79EFBC}") = "classifyingTriangles", "classifyingTriangles\classifyingTriangles.csproj", "{BDE71C71-914F-40D2-9E94-C251C822B3D9}"
EndProject
Project("{FAE04EC0-301F-11D3-BF4B-00C04F79EFBC}") = "classifyingTriangles.Component", "classifyingTriangles.Component\classifyingTriangles.Component.csproj", "{4B65D102-6B1C-498D-AE7F-60863233FBCC}"
EndProject
Project("{FAE04EC0-301F-11D3-BF4B-00C04F79EFBC}") = "classifyingTriangles.Test", "classifyingTriangles.Test\classifyingTriangles.Test.csproj", "{4D26695F-71EE-4188-B540-65D552A88A04}"
EndProject
Global
	GlobalSection(SolutionConfigurationPlatforms) = preSolution
		Debug|Any CPU = Debug|Any CPU
		Release|Any CPU = Release|Any CPU
	EndGlobalSection
	GlobalSection(ProjectConfigurationPlatforms) = postSolution
		{BDE71C71-914F-40D2-9E94-C251C822B3D9}.Debug|Any CPU.ActiveCfg = Debug|Any CPU
		{BDE71C71-914F-40D2-9E94-C251C822B3D9}.Debug|Any CPU.Build.0 = Debug|Any CPU
		{BDE71C71-914F-40D2-9E94-C251C822B3D9}.Release|Any CPU.ActiveCfg = Release|Any CPU
		{BDE71C71-914F-40D2-9E94-C251C822B3D9}.Release|Any CPU.Build.0 = Release|Any CPU
		{4B65D102-6B1C-498D-AE7F-60863233FBCC}.Debug|Any CPU.ActiveCfg = Debug|Any CPU
		{4B65D102-6B1C-498D-AE7F-60863233FBCC}.Debug|Any CPU.Build.0 = Debug|Any CPU
		{4B65D102-6B1C-498D-AE7F-60863233FBCC}.Release|Any CPU.ActiveCfg = Release|Any CPU
		{4B65D102-6B1C-498D-AE7F-60863233FBCC}.Release|Any CPU.Build.0 = Release|Any CPU
		{4D26695F-71EE-4188-B540-65D552A88A04}.Debug|Any CPU.ActiveCfg = Debug|Any CPU
		{4D26695F-71EE-4188-B540-65D552A88A04}.Debug|Any CPU.Build.0 = Debug|Any CPU
		{4D26695F-71EE-4188-B540-65D552A88A04}.Release|Any CPU.ActiveCfg = Release|Any CPU
		{4D26695F-71EE-4188-B540-65D552A88A04}.Release|Any CPU.Build.0 = Release|Any CPU
	EndGlobalSection
	GlobalSection(SolutionProperties) = preSolution
		HideSolutionNode = FALSE
	EndGlobalSection
	GlobalSection(ExtensibilityGlobals) = postSolution
		SolutionGuid = {33A5A7DF-4E35-4EB7-A545-212116214380}
	EndGlobalSection
EndGlobal
